
Microsoft Visual Studio Solution File, Format Version 12.00
# Visual Studio Version 17
VisualStudioVersion = 17.14.36301.6 d17.14
MinimumVisualStudioVersion = 10.0.40219.1
Project("{2150E333-8FDC-42A3-9474-1A3956D46DE8}") = "src", "src", "{02EA681E-C7D8-13C7-8484-4AC65E1B71E8}"
EndProject
Project("{2150E333-8FDC-42A3-9474-1A3956D46DE8}") = "tests", "tests", "{7F52DC12-A2E2-4FB7-838E-B095EA5367A2}"
EndProject
Project("{FAE04EC0-301F-11D3-BF4B-00C04F79EFBC}") = "CleanBookings.Domain", "CleanBookings.Domain\CleanBookings.Domain.csproj", "{CED3521E-FEE0-4ACA-940C-873B7EADDA31}"
EndProject
Global
	GlobalSection(SolutionConfigurationPlatforms) = preSolution
		Debug|Any CPU = Debug|Any CPU
		Release|Any CPU = Release|Any CPU
	EndGlobalSection
	GlobalSection(ProjectConfigurationPlatforms) = postSolution
		{CED3521E-FEE0-4ACA-940C-873B7EADDA31}.Debug|Any CPU.ActiveCfg = Debug|Any CPU
		{CED3521E-FEE0-4ACA-940C-873B7EADDA31}.Debug|Any CPU.Build.0 = Debug|Any CPU
		{CED3521E-FEE0-4ACA-940C-873B7EADDA31}.Release|Any CPU.ActiveCfg = Release|Any CPU
		{CED3521E-FEE0-4ACA-940C-873B7EADDA31}.Release|Any CPU.Build.0 = Release|Any CPU
	EndGlobalSection
	GlobalSection(SolutionProperties) = preSolution
		HideSolutionNode = FALSE
	EndGlobalSection
	GlobalSection(NestedProjects) = preSolution
		{CED3521E-FEE0-4ACA-940C-873B7EADDA31} = {02EA681E-C7D8-13C7-8484-4AC65E1B71E8}
	EndGlobalSection
	GlobalSection(ExtensibilityGlobals) = postSolution
		SolutionGuid = {83D9EC5C-63B2-4220-B164-9849C3F08A5D}
	EndGlobalSection
EndGlobal
